
Microsoft Visual Studio Solution File, Format Version 12.00
Project("{FAE04EC0-301F-11D3-BF4B-00C04F79EFBC}") = "Algos", "Algos\Algos.csproj", "{8BE91432-5BFC-45AF-BE3E-F9A9D9483CA3}"
EndProject
Project("{FAE04EC0-301F-11D3-BF4B-00C04F79EFBC}") = "pa1_oOteta", "pa1_oOteta\pa1_oOteta.csproj", "{636EC700-B085-43F3-AF63-52DC2DB8F40D}"
EndProject
Global
	GlobalSection(SolutionConfigurationPlatforms) = preSolution
		Debug|Any CPU = Debug|Any CPU
		Release|Any CPU = Release|Any CPU
	EndGlobalSection
	GlobalSection(ProjectConfigurationPlatforms) = postSolution
		{8BE91432-5BFC-45AF-BE3E-F9A9D9483CA3}.Debug|Any CPU.ActiveCfg = Debug|Any CPU
		{8BE91432-5BFC-45AF-BE3E-F9A9D9483CA3}.Debug|Any CPU.Build.0 = Debug|Any CPU
		{8BE91432-5BFC-45AF-BE3E-F9A9D9483CA3}.Release|Any CPU.ActiveCfg = Release|Any CPU
		{8BE91432-5BFC-45AF-BE3E-F9A9D9483CA3}.Release|Any CPU.Build.0 = Release|Any CPU
		{636EC700-B085-43F3-AF63-52DC2DB8F40D}.Debug|Any CPU.ActiveCfg = Debug|Any CPU
		{636EC700-B085-43F3-AF63-52DC2DB8F40D}.Debug|Any CPU.Build.0 = Debug|Any CPU
		{636EC700-B085-43F3-AF63-52DC2DB8F40D}.Release|Any CPU.ActiveCfg = Release|Any CPU
		{636EC700-B085-43F3-AF63-52DC2DB8F40D}.Release|Any CPU.Build.0 = Release|Any CPU
	EndGlobalSection
EndGlobal
